Microsoft Visual Studio Solution File, Format Version 12.00
# Visual Studio 2012
Project("{FAE04EC0-301F-11D3-BF4B-00C04F79EFBC}") = "WebService", "WebService.csproj", "{174FF5F3-996D-4EF6-AB3B-81975EACE1F6}"
EndProject
Global
	GlobalSection(SolutionConfigurationPlatforms) = preSolution
		Debug|Any CPU = Debug|Any CPU
		Release|Any CPU = Release|Any CPU
	EndGlobalSection
	GlobalSection(ProjectConfigurationPlatforms) = postSolution
		{174FF5F3-996D-4EF6-AB3B-81975EACE1F6}.Debug|Any CPU.ActiveCfg = Debug|Any CPU
		{174FF5F3-996D-4EF6-AB3B-81975EACE1F6}.Debug|Any CPU.Build.0 = Debug|Any CPU
		{174FF5F3-996D-4EF6-AB3B-81975EACE1F6}.Release|Any CPU.ActiveCfg = Release|Any CPU
		{174FF5F3-996D-4EF6-AB3B-81975EACE1F6}.Release|Any CPU.Build.0 = Release|Any CPU
	EndGlobalSection
	GlobalSection(SolutionProperties) = preSolution
		HideSolutionNode = FALSE
	EndGlobalSection
EndGlobal
